// !$*UTF8*$!
{
	archiveVersion = 1;
	classes = {
	};
	objectVersion = 50;
	objects = {

/* Begin PBXBuildFile section */
		BD651930212683D500F665FC /* AppDelegate.swift in Sources */ = {isa = PBXBuildFile; fileRef = BD65192F212683D500F665FC /* AppDelegate.swift */; };
		BD651932212683D500F665FC /* ViewController.swift in Sources */ = {isa = PBXBuildFile; fileRef = BD651931212683D500F665FC /* ViewController.swift */; };
		BD651935212683D500F665FC /* Main.storyboard in Resources */ = {isa = PBXBuildFile; fileRef = BD651933212683D500F665FC /* Main.storyboard */; };
		BD651937212683DB00F665FC /* Assets.xcassets in Resources */ = {isa = PBXBuildFile; fileRef = BD651936212683DB00F665FC /* Assets.xcassets */; };
		BD65193A212683DB00F665FC /* LaunchScreen.storyboard in Resources */ = {isa = PBXBuildFile; fileRef = BD651938212683DB00F665FC /* LaunchScreen.storyboard */; };
		BD65194221269BD400F665FC /* ApiWebServiceCall.swift in Sources */ = {isa = PBXBuildFile; fileRef = BD65194121269BD400F665FC /* ApiWebServiceCall.swift */; };
		BD65194421269C1900F665FC /* ApiWebServiceCallWithHtmlContent.swift in Sources */ = {isa = PBXBuildFile; fileRef = BD65194321269C1900F665FC /* ApiWebServiceCallWithHtmlContent.swift */; };
/* End PBXBuildFile section */

/* Begin PBXFileReference section */
		BD65192C212683D500F665FC /* JsonParsingInSwift4.app */ = {isa = PBXFileReference; explicitFileType = wrapper.application; includeInIndex = 0; path = JsonParsingInSwift4.app; sourceTree = BUILT_PRODUCTS_DIR; };
		BD65192F212683D500F665FC /* AppDelegate.swift */ = {isa = PBXFileReference; lastKnownFileType = sourcecode.swift; path = AppDelegate.swift; sourceTree = "<group>"; };
		BD651931212683D500F665FC /* ViewController.swift */ = {isa = PBXFileReference; lastKnownFileType = sourcecode.swift; path = ViewController.swift; sourceTree = "<group>"; };
		BD651934212683D500F665FC /* Base */ = {isa = PBXFileReference; lastKnownFileType = file.storyboard; name = Base; path = Base.lproj/Main.storyboard; sourceTree = "<group>"; };
		BD651936212683DB00F665FC /* Assets.xcassets */ = {isa = PBXFileReference; lastKnownFileType = folder.assetcatalog; path = Assets.xcassets; sourceTree = "<group>"; };
		BD651939212683DB00F665FC /* Base */ = {isa = PBXFileReference; lastKnownFileType = file.storyboard; name = Base; path = Base.lproj/LaunchScreen.storyboard; sourceTree = "<group>"; };
		BD65193B212683DB00F665FC /* Info.plist */ = {isa = PBXFileReference; lastKnownFileType = text.plist.xml; path = Info.plist; sourceTree = "<group>"; };
		BD65194121269BD400F665FC /* ApiWebServiceCall.swift */ = {isa = PBXFileReference; lastKnownFileType = sourcecode.swift; path = ApiWebServiceCall.swift; sourceTree = "<group>"; };
		BD65194321269C1900F665FC /* ApiWebServiceCallWithHtmlContent.swift */ = {isa = PBXFileReference; lastKnownFileType = sourcecode.swift; path = ApiWebServiceCallWithHtmlContent.swift; sourceTree = "<group>"; };
/* End PBXFileReference section */

/* Begin PBXFrameworksBuildPhase section */
		BD651929212683D500F665FC /* Frameworks */ = {
			isa = PBXFrameworksBuildPhase;
			buildActionMask = 2147483647;
			files = (
			);
			runOnlyForDeploymentPostprocessing = 0;
		};
/* End PBXFrameworksBuildPhase section */

/* Begin PBXGroup section */
		BD651923212683D500F665FC = {
			isa = PBXGroup;
			children = (
				BD65192E212683D500F665FC /* JsonParsingInSwift4 */,
				BD65192D212683D500F665FC /* Products */,
			);
			sourceTree = "<group>";
		};
		BD65192D212683D500F665FC /* Products */ = {
			isa = PBXGroup;
			children = (
				BD65192C212683D500F665FC /* JsonParsingInSwift4.app */,
			);
			name = Products;
			sourceTree = "<group>";
		};
		BD65192E212683D500F665FC /* JsonParsingInSwift4 */ = {
			isa = PBXGroup;
			children = (
				BD65192F212683D500F665FC /* AppDelegate.swift */,
				BD651931212683D500F665FC /* ViewController.swift */,
				BD651933212683D500F665FC /* Main.storyboard */,
				BD651936212683DB00F665FC /* Assets.xcassets */,
				BD651938212683DB00F665FC /* LaunchScreen.storyboard */,
				BD65193B212683DB00F665FC /* Info.plist */,
				BD65194121269BD400F665FC /* ApiWebServiceCall.swift */,
				BD65194321269C1900F665FC /* ApiWebServiceCallWithHtmlContent.swift */,
			);
			path = JsonParsingInSwift4;
			sourceTree = "<group>";
		};
/* End PBXGroup section */

/* Begin PBXNativeTarget section */
		BD65192B212683D500F665FC /* JsonParsingInSwift4 */ = {
			isa = PBXNativeTarget;
			buildConfigurationList = BD65193E212683DB00F665FC /* Build configuration list for PBXNativeTarget "JsonParsingInSwift4" */;
			buildPhases = (
				BD651928212683D500F665FC /* Sources */,
				BD651929212683D500F665FC /* Frameworks */,
				BD65192A212683D500F665FC /* Resources */,
			);
			buildRules = (
			);
			dependencies = (
			);
			name = JsonParsingInSwift4;
			productName = JsonParsingInSwift4;
			productReference = BD65192C212683D500F665FC /* JsonParsingInSwift4.app */;
			productType = "com.apple.product-type.application";
		};
/* End PBXNativeTarget section */

/* Begin PBXProject section */
		BD651924212683D500F665FC /* Project object */ = {
			isa = PBXProject;
			attributes = {
				LastSwiftUpdateCheck = 0940;
				LastUpgradeCheck = 0940;
				ORGANIZATIONNAME = "varun daga";
				TargetAttributes = {
					BD65192B212683D500F665FC = {
						CreatedOnToolsVersion = 9.4.1;
					};
				};
			};
			buildConfigurationList = BD651927212683D500F665FC /* Build configuration list for PBXProject "JsonParsingInSwift4" */;
			compatibilityVersion = "Xcode 9.3";
			developmentRegion = en;
			hasScannedForEncodings = 0;
			knownRegions = (
				en,
				Base,
			);
			mainGroup = BD651923212683D500F665FC;
			productRefGroup = BD65192D212683D500F665FC /* Products */;
			projectDirPath = "";
			projectRoot = "";
			targets = (
				BD65192B212683D500F665FC /* JsonParsingInSwift4 */,
			);
		};
/* End PBXProject section */

/* Begin PBXResourcesBuildPhase section */
		BD65192A212683D500F665FC /* Resources */ = {
			isa = PBXResourcesBuildPhase;
			buildActionMask = 2147483647;
			files = (
				BD65193A212683DB00F665FC /* LaunchScreen.storyboard in Resources */,
				BD651937212683DB00F665FC /* Assets.xcassets in Resources */,
				BD651935212683D500F665FC /* Main.storyboard in Resources */,
			);
			runOnlyForDeploymentPostprocessing = 0;
		};
/* End PBXResourcesBuildPhase section */

/* Begin PBXSourcesBuildPhase section */
		BD651928212683D500F665FC /* Sources */ = {
			isa = PBXSourcesBuildPhase;
			buildActionMask = 2147483647;
			files = (
				BD65194221269BD400F665FC /* ApiWebServiceCall.swift in Sources */,
				BD651932212683D500F665FC /* ViewController.swift in Sources */,
				BD65194421269C1900F665FC /* ApiWebServiceCallWithHtmlContent.swift in Sources */,
				BD651930212683D500F665FC /* AppDelegate.swift in Sources */,
			);
			runOnlyForDeploymentPostprocessing = 0;
		};
/* End PBXSourcesBuildPhase section */

/* Begin PBXVariantGroup section */
		BD651933212683D500F665FC /* Main.storyboard */ = {
			isa = PBXVariantGroup;
			children = (
				BD651934212683D500F665FC /* Base */,
			);
			name = Main.storyboard;
			sourceTree = "<group>";
		};
		BD651938212683DB00F665FC /* LaunchScreen.storyboard */ = {
			isa = PBXVariantGroup;
			children = (
				BD651939212683DB00F665FC /* Base */,
			);
			name = LaunchScreen.storyboard;
			sourceTree = "<group>";
		};
/* End PBXVariantGroup section */

/* Begin XCBuildConfiguration section */
		BD65193C212683DB00F665FC /* Debug */ = {
			isa = XCBuildConfiguration;
			buildSettings = {
				ALWAYS_SEARCH_USER_PATHS = NO;
				CLANG_ANALYZER_NONNULL = YES;
				CLANG_ANALYZER_NUMBER_OBJECT_CONVERSION = YES_AGGRESSIVE;
				CLANG_CXX_LANGUAGE_STANDARD = "gnu++14";
				CLANG_CXX_LIBRARY = "libc++";
				CLANG_ENABLE_MODULES = YES;
				CLANG_ENABLE_OBJC_ARC = YES;
				CLANG_ENABLE_OBJC_WEAK = YES;
				CLANG_WARN_BLOCK_CAPTURE_AUTORELEASING = YES;
				CLANG_WARN_BOOL_CONVERSION = YES;
				CLANG_WARN_COMMA = YES;
				CLANG_WARN_CONSTANT_CONVERSION = YES;
				CLANG_WARN_DEPRECATED_OBJC_IMPLEMENTATIONS = YES;
				CLANG_WARN_DIRECT_OBJC_ISA_USAGE = YES_ERROR;
				CLANG_WARN_DOCUMENTATION_COMMENTS = YES;
				CLANG_WARN_EMPTY_BODY = YES;
				CLANG_WARN_ENUM_CONVERSION = YES;
				CLANG_WARN_INFINITE_RECURSION = YES;
				CLANG_WARN_INT_CONVERSION = YES;
				CLANG_WARN_NON_LITERAL_NULL_CONVERSION = YES;
				CLANG_WARN_OBJC_IMPLICIT_RETAIN_SELF = YES;
				CLANG_WARN_OBJC_LITERAL_CONVERSION = YES;
				CLANG_WARN_OBJC_ROOT_CLASS = YES_ERROR;
				CLANG_WARN_RANGE_LOOP_ANALYSIS = YES;
				CLANG_WARN_STRICT_PROTOTYPES = YES;
				CLANG_WARN_SUSPICIOUS_MOVE = YES;
				CLANG_WARN_UNGUARDED_AVAILABILITY = YES_AGGRESSIVE;
				CLANG_WARN_UNREACHABLE_CODE = YES;
				CLANG_WARN__DUPLICATE_METHOD_MATCH = YES;
				CODE_SIGN_IDENTITY = "iPhone Developer";
				COPY_PHASE_STRIP = NO;
				DEBUG_INFORMATION_FORMAT = dwarf;
				ENABLE_STRICT_OBJC_MSGSEND = YES;
				ENABLE_TESTABILITY = YES;
				GCC_C_LANGUAGE_STANDARD = gnu11;
				GCC_DYNAMIC_NO_PIC = NO;
				GCC_NO_COMMON_BLOCKS = YES;
				GCC_OPTIMIZATION_LEVEL = 0;
				GCC_PREPROCESSOR_DEFINITIONS = (
					"DEBUG=1",
					"$(inherited)",
				);
				GCC_WARN_64_TO_32_BIT_CONVERSION = YES;
				GCC_WARN_ABOUT_RETURN_TYPE = YES_ERROR;
				GCC_WARN_UNDECLARED_SELECTOR = YES;
				GCC_WARN_UNINITIALIZED_AUTOS = YES_AGGRESSIVE;
				GCC_WARN_UNUSED_FUNCTION = YES;
				GCC_WARN_UNUSED_VARIABLE = YES;
				IPHONEOS_DEPLOYMENT_TARGET = 11.4;
				MTL_ENABLE_DEBUG_INFO = YES;
				ONLY_ACTIVE_ARCH = YES;
				SDKROOT = iphoneos;
				SWIFT_ACTIVE_COMPILATION_CONDITIONS = DEBUG;
				SWIFT_OPTIMIZATION_LEVEL = "-Onone";
			};
			name = Debug;
		};
		BD65193D212683DB00F665FC /* Release */ = {
			isa = XCBuildConfiguration;
			buildSettings = {
				ALWAYS_SEARCH_USER_PATHS = NO;
				CLANG_ANALYZER_NONNULL = YES;
				CLANG_ANALYZER_NUMBER_OBJECT_CONVERSION = YES_AGGRESSIVE;
				CLANG_CXX_LANGUAGE_STANDARD = "gnu++14";
				CLANG_CXX_LIBRARY = "libc++";
				CLANG_ENABLE_MODULES = YES;
				CLANG_ENABLE_OBJC_ARC = YES;
				CLANG_ENABLE_OBJC_WEAK = YES;
				CLANG_WARN_BLOCK_CAPTURE_AUTORELEASING = YES;
				CLANG_WARN_BOOL_CONVERSION = YES;
				CLANG_WARN_COMMA = YES;
				CLANG_WARN_CONSTANT_CONVERSION = YES;
				CLANG_WARN_DEPRECATED_OBJC_IMPLEMENTATIONS = YES;
				CLANG_WARN_DIRECT_OBJC_ISA_USAGE = YES_ERROR;
				CLANG_WARN_DOCUMENTATION_COMMENTS = YES;
				CLANG_WARN_EMPTY_BODY = YES;
				CLANG_WARN_ENUM_CONVERSION = YES;
				CLANG_WARN_INFINITE_RECURSION = YES;
				CLANG_WARN_INT_CONVERSION = YES;
				CLANG_WARN_NON_LITERAL_NULL_CONVERSION = YES;
				CLANG_WARN_OBJC_IMPLICIT_RETAIN_SELF = YES;
				CLANG_WARN_OBJC_LITERAL_CONVERSION = YES;
				CLANG_WARN_OBJC_ROOT_CLASS = YES_ERROR;
				CLANG_WARN_RANGE_LOOP_ANALYSIS = YES;
				CLANG_WARN_STRICT_PROTOTYPES = YES;
				CLANG_WARN_SUSPICIOUS_MOVE = YES;
				CLANG_WARN_UNGUARDED_AVAILABILITY = YES_AGGRESSIVE;
				CLANG_WARN_UNREACHABLE_CODE = YES;
				CLANG_WARN__DUPLICATE_METHOD_MATCH = YES;
				CODE_SIGN_IDENTITY = "iPhone Developer";
				COPY_PHASE_STRIP = NO;
				DEBUG_INFORMATION_FORMAT = "dwarf-with-dsym";
				ENABLE_NS_ASSERTIONS = NO;
				ENABLE_STRICT_OBJC_MSGSEND = YES;
				GCC_C_LANGUAGE_STANDARD = gnu11;
				GCC_NO_COMMON_BLOCKS = YES;
				GCC_WARN_64_TO_32_BIT_CONVERSION = YES;
				GCC_WARN_ABOUT_RETURN_TYPE = YES_ERROR;
				GCC_WARN_UNDECLARED_SELECTOR = YES;
				GCC_WARN_UNINITIALIZED_AUTOS = YES_AGGRESSIVE;
				GCC_WARN_UNUSED_FUNCTION = YES;
				GCC_WARN_UNUSED_VARIABLE = YES;
				IPHONEOS_DEPLOYMENT_TARGET = 11.4;
				MTL_ENABLE_DEBUG_INFO = NO;
				SDKROOT = iphoneos;
				SWIFT_COMPILATION_MODE = wholemodule;
				SWIFT_OPTIMIZATION_LEVEL = "-O";
				VALIDATE_PRODUCT = YES;
			};
			name = Release;
		};
		BD65193F212683DB00F665FC /* Debug */ = {
			isa = XCBuildConfiguration;
			buildSettings = {
				ASSETCATALOG_COMPILER_APPICON_NAME = AppIcon;
				CODE_SIGN_STYLE = Manual;
				DEVELOPMENT_TEAM = ARE334SD9C;
				INFOPLIST_FILE = JsonParsingInSwift4/Info.plist;
				LD_RUNPATH_SEARCH_PATHS = (
					"$(inherited)",
					"@executable_path/Frameworks",
				);
				PRODUCT_BUNDLE_IDENTIFIER = com.abc;
				PRODUCT_NAME = "$(TARGET_NAME)";
				PROVISIONING_PROFILE = "224e2fdd-9846-4efe-ab23-9a04b81d72c7";
				PROVISIONING_PROFILE_SPECIFIER = TestingStockaxis15_06;
				SWIFT_VERSION = 4.0;
				TARGETED_DEVICE_FAMILY = "1,2";
			};
			name = Debug;
		};
		BD651940212683DB00F665FC /* Release */ = {
			isa = XCBuildConfiguration;
			buildSettings = {
				ASSETCATALOG_COMPILER_APPICON_NAME = AppIcon;
				CODE_SIGN_STYLE = Manual;
				DEVELOPMENT_TEAM = ARE334SD9C;
				INFOPLIST_FILE = JsonParsingInSwift4/Info.plist;
				LD_RUNPATH_SEARCH_PATHS = (
					"$(inherited)",
					"@executable_path/Frameworks",
				);
				PRODUCT_BUNDLE_IDENTIFIER = com.abc;
				PRODUCT_NAME = "$(TARGET_NAME)";
				PROVISIONING_PROFILE = "224e2fdd-9846-4efe-ab23-9a04b81d72c7";
				PROVISIONING_PROFILE_SPECIFIER = TestingStockaxis15_06;
				SWIFT_VERSION = 4.0;
				TARGETED_DEVICE_FAMILY = "1,2";
			};
			name = Release;
		};
/* End XCBuildConfiguration section */

/* Begin XCConfigurationList section */
		BD651927212683D500F665FC /* Build configuration list for PBXProject "JsonParsingInSwift4" */ = {
			isa = XCConfigurationList;
			buildConfigurations = (
				BD65193C212683DB00F665FC /* Debug */,
				BD65193D212683DB00F665FC /* Release */,
			);
			defaultConfigurationIsVisible = 0;
			defaultConfigurationName = Release;
		};
		BD65193E212683DB00F665FC /* Build configuration list for PBXNativeTarget "JsonParsingInSwift4" */ = {
			isa = XCConfigurationList;
			buildConfigurations = (
				BD65193F212683DB00F665FC /* Debug */,
				BD651940212683DB00F665FC /* Release */,
			);
			defaultConfigurationIsVisible = 0;
			defaultConfigurationName = Release;
		};
/* End XCConfigurationList section */
	};
	rootObject = BD651924212683D500F665FC /* Project object */;
}
